# This file is automatically @generated by Poetry 1.4.2 and should not be changed by hand.

[[package]]
name = "aiosqlite"
version = "0.17.0"
description = "asyncio bridge to the standard sqlite3 module"
category = "main"
optional = false
python-versions = ">=3.6"
files = [
    {file = "aiosqlite-0.17.0-py3-none-any.whl", hash = "sha256:6c49dc6d3405929b1d08eeccc72306d3677503cc5e5e43771efc1e00232e8231"},
    {file = "aiosqlite-0.17.0.tar.gz", hash = "sha256:f0e6acc24bc4864149267ac82fb46dfb3be4455f99fe21df82609cc6e6baee51"},
]

[package.dependencies]
typing_extensions = ">=3.7.2"

[[package]]
name = "anyio"
version = "3.6.2"
description = "High level compatibility layer for multiple asynchronous event loop implementations"
category = "main"
optional = false
python-versions = ">=3.6.2"
files = [
    {file = "anyio-3.6.2-py3-none-any.whl", hash = "sha256:fbbe32bd270d2a2ef3ed1c5d45041250284e31fc0a4df4a5a6071842051a51e3"},
    {file = "anyio-3.6.2.tar.gz", hash = "sha256:25ea0d673ae30af41a0c442f81cf3b38c7e79fdc7b60335a4c14e05eb0947421"},
]

[package.dependencies]
idna = ">=2.8"
sniffio = ">=1.1"

[package.extras]
doc = ["packaging", "sphinx-autodoc-typehints (>=1.2.0)", "sphinx-rtd-theme"]
test = ["contextlib2", "coverage[toml] (>=4.5)", "hypothesis (>=4.0)", "mock (>=4)", "pytest (>=7.0)", "pytest-mock (>=3.6.1)", "trustme", "uvloop (<0.15)", "uvloop (>=0.15)"]
trio = ["trio (>=0.16,<0.22)"]

[[package]]
name = "click"
version = "8.1.3"
description = "Composable command line interface toolkit"
category = "main"
optional = false
python-versions = ">=3.7"
files = [
    {file = "click-8.1.3-py3-none-any.whl", hash = "sha256:bb4d8133cb15a609f44e8213d9b391b0809795062913b383c62be0ee95b1db48"},
    {file = "click-8.1.3.tar.gz", hash = "sha256:7682dc8afb30297001674575ea00d1814d808d6a36af415a82bd481d37ba7b8e"},
]

[package.dependencies]
colorama = {version = "*", markers = "platform_system == \"Windows\""}

[[package]]
name = "colorama"
version = "0.4.6"
description = "Cross-platform colored terminal text."
category = "main"
optional = false
python-versions = "!=3.0.*,!=3.1.*,!=3.2.*,!=3.3.*,!=3.4.*,!=3.5.*,!=3.6.*,>=2.7"
files = [
    {file = "colorama-0.4.6-py2.py3-none-any.whl", hash = "sha256:4f1d9991f5acc0ca119f9d443620b77f9d6b33703e51011c16baf57afb285fc6"},
    {file = "colorama-0.4.6.tar.gz", hash = "sha256:08695f5cb7ed6e0531a20572697297273c47b8cae5a63ffc6d6ed5c201be6e44"},
]

[[package]]
name = "fastapi"
version = "0.95.1"
description = "FastAPI framework, high performance, easy to learn, fast to code, ready for production"
category = "main"
optional = false
python-versions = ">=3.7"
files = [
    {file = "fastapi-0.95.1-py3-none-any.whl", hash = "sha256:a870d443e5405982e1667dfe372663abf10754f246866056336d7f01c21dab07"},
    {file = "fastapi-0.95.1.tar.gz", hash = "sha256:9569f0a381f8a457ec479d90fa01005cfddaae07546eb1f3fa035bc4797ae7d5"},
]

[package.dependencies]
pydantic = ">=1.6.2,<1.7 || >1.7,<1.7.1 || >1.7.1,<1.7.2 || >1.7.2,<1.7.3 || >1.7.3,<1.8 || >1.8,<1.8.1 || >1.8.1,<2.0.0"
starlette = ">=0.26.1,<0.27.0"

[package.extras]
all = ["email-validator (>=1.1.1)", "httpx (>=0.23.0)", "itsdangerous (>=1.1.0)", "jinja2 (>=2.11.2)", "orjson (>=3.2.1)", "python-multipart (>=0.0.5)", "pyyaml (>=5.3.1)", "ujson (>=4.0.1,!=4.0.2,!=4.1.0,!=4.2.0,!=4.3.0,!=5.0.0,!=5.1.0)", "uvicorn[standard] (>=0.12.0)"]
dev = ["pre-commit (>=2.17.0,<3.0.0)", "ruff (==0.0.138)", "uvicorn[standard] (>=0.12.0,<0.21.0)"]
doc = ["mdx-include (>=1.4.1,<2.0.0)", "mkdocs (>=1.1.2,<2.0.0)", "mkdocs-markdownextradata-plugin (>=0.1.7,<0.3.0)", "mkdocs-material (>=8.1.4,<9.0.0)", "pyyaml (>=5.3.1,<7.0.0)", "typer-cli (>=0.0.13,<0.0.14)", "typer[all] (>=0.6.1,<0.8.0)"]
test = ["anyio[trio] (>=3.2.1,<4.0.0)", "black (==23.1.0)", "coverage[toml] (>=6.5.0,<8.0)", "databases[sqlite] (>=0.3.2,<0.7.0)", "email-validator (>=1.1.1,<2.0.0)", "flask (>=1.1.2,<3.0.0)", "httpx (>=0.23.0,<0.24.0)", "isort (>=5.0.6,<6.0.0)", "mypy (==0.982)", "orjson (>=3.2.1,<4.0.0)", "passlib[bcrypt] (>=1.7.2,<2.0.0)", "peewee (>=3.13.3,<4.0.0)", "pytest (>=7.1.3,<8.0.0)", "python-jose[cryptography] (>=3.3.0,<4.0.0)", "python-multipart (>=0.0.5,<0.0.7)", "pyyaml (>=5.3.1,<7.0.0)", "ruff (==0.0.138)", "sqlalchemy (>=1.3.18,<1.4.43)", "types-orjson (==3.6.2)", "types-ujson (==5.7.0.1)", "ujson (>=4.0.1,!=4.0.2,!=4.1.0,!=4.2.0,!=4.3.0,!=5.0.0,!=5.1.0,<6.0.0)"]

[[package]]
name = "h11"
version = "0.14.0"
description = "A pure-Python, bring-your-own-I/O implementation of HTTP/1.1"
category = "main"
optional = false
python-versions = ">=3.7"
files = [
    {file = "h11-0.14.0-py3-none-any.whl", hash = "sha256:e3fe4ac4b851c468cc8363d500db52c2ead036020723024a109d37346efaa761"},
    {file = "h11-0.14.0.tar.gz", hash = "sha256:8f19fbbe99e72420ff35c00b27a34cb9937e902a8b810e2c88300c6f0a3b699d"},
]

[[package]]
name = "idna"
version = "3.4"
description = "Internationalized Domain Names in Applications (IDNA)"
category = "main"
optional = false
python-versions = ">=3.5"
files = [
    {file = "idna-3.4-py3-none-any.whl", hash = "sha256:90b77e79eaa3eba6de819a0c442c0b4ceefc341a7a2ab77d7562bf49f425c5c2"},
    {file = "idna-3.4.tar.gz", hash = "sha256:814f528e8dead7d329833b91c5faa87d60bf71824cd12a7530b5526063d02cb4"},
]

[[package]]
name = "iso8601"
version = "1.1.0"
description = "Simple module to parse ISO 8601 dates"
category = "main"
optional = false
python-versions = ">=3.6.2,<4.0"
files = [
    {file = "iso8601-1.1.0-py3-none-any.whl", hash = "sha256:8400e90141bf792bce2634df533dc57e3bee19ea120a87bebcd3da89a58ad73f"},
    {file = "iso8601-1.1.0.tar.gz", hash = "sha256:32811e7b81deee2063ea6d2e94f8819a86d1f3811e49d23623a41fa832bef03f"},
]

[[package]]
name = "isort"
version = "5.12.0"
description = "A Python utility / library to sort Python imports."
category = "dev"
optional = false
python-versions = ">=3.8.0"
files = [
    {file = "isort-5.12.0-py3-none-any.whl", hash = "sha256:f84c2818376e66cf843d497486ea8fed8700b340f308f076c6fb1229dff318b6"},
    {file = "isort-5.12.0.tar.gz", hash = "sha256:8bef7dde241278824a6d83f44a544709b065191b95b6e50894bdc722fcba0504"},
]

[package.extras]
colors = ["colorama (>=0.4.3)"]
pipfile-deprecated-finder = ["pip-shims (>=0.5.2)", "pipreqs", "requirementslib"]
plugins = ["setuptools"]
requirements-deprecated-finder = ["pip-api", "pipreqs"]

[[package]]
name = "passlib"
version = "1.7.4"
description = "comprehensive password hashing framework supporting over 30 schemes"
category = "main"
optional = false
python-versions = "*"
files = [
    {file = "passlib-1.7.4-py2.py3-none-any.whl", hash = "sha256:aa6bca462b8d8bda89c70b382f0c298a20b5560af6cbfa2dce410c0a2fb669f1"},
    {file = "passlib-1.7.4.tar.gz", hash = "sha256:defd50f72b65c5402ab2c573830a6978e5f202ad0d984793c8dde2c4152ebe04"},
]

[package.extras]
argon2 = ["argon2-cffi (>=18.2.0)"]
bcrypt = ["bcrypt (>=3.1.0)"]
build-docs = ["cloud-sptheme (>=1.10.1)", "sphinx (>=1.6)", "sphinxcontrib-fulltoc (>=1.2.0)"]
totp = ["cryptography"]

[[package]]
name = "psycopg-binary"
version = "3.1.8"
description = "PostgreSQL database adapter for Python -- C optimisation distribution"
category = "main"
optional = false
python-versions = ">=3.7"
files = [
    {file = "psycopg_binary-3.1.8-cp310-cp310-macosx_10_9_x86_64.whl", hash = "sha256:f32684b4fc3863190c4b9c141342b2cbdb81632731b9c68e6946d772ba0560f2"},
    {file = "psycopg_binary-3.1.8-cp310-cp310-macosx_11_0_arm64.whl", hash = "sha256:37212244817b3cc7193ee4b5d60765c020ead5e53589c935d249bfb96452878b"},
    {file = "psycopg_binary-3.1.8-cp310-cp310-manylinux_2_17_aarch64.manylinux2014_aarch64.whl", hash = "sha256:32f2563db6e44372f593a76c94452ce476306e0fb508e092f3fab4d9091a9974"},
    {file = "psycopg_binary-3.1.8-cp310-cp310-manylinux_2_17_i686.manylinux2014_i686.whl", hash = "sha256:b36fcc67d8b23935ee871a6331c9631ecfdb11452a64f34b8ecb9642de43aec8"},
    {file = "psycopg_binary-3.1.8-cp310-cp310-manylinux_2_17_ppc64le.manylinux2014_ppc64le.whl", hash = "sha256:8bb9f577a09e799322008e574a1671c5b2645e990f954be2b7dae669e3779750"},
    {file = "psycopg_binary-3.1.8-cp310-cp310-manylinux_2_17_x86_64.manylinux2014_x86_64.whl", hash = "sha256:9ac81e68262b03163ca977f34448b4cadbc49db929146406b4706fe2141d76d1"},
    {file = "psycopg_binary-3.1.8-cp310-cp310-musllinux_1_1_aarch64.whl", hash = "sha256:fbfc9ae4edfb76c14d09bd70d6f399eb935008bbb3bc4cd6a4ab76645ba3443e"},
    {file = "psycopg_binary-3.1.8-cp310-cp310-musllinux_1_1_i686.whl", hash = "sha256:8602836138bc209aa5f9821c8e8439466f151c3ec4fcdbc740697e49cff1b920"},
    {file = "psycopg_binary-3.1.8-cp310-cp310-musllinux_1_1_ppc64le.whl", hash = "sha256:9cf94411f5a9064cf4ab1066976a7bce44f970f9603a01585c1040465eb312f9"},
    {file = "psycopg_binary-3.1.8-cp310-cp310-musllinux_1_1_x86_64.whl", hash = "sha256:a8fee8d846f9614331bd764850b4c1363730d36e88e14aa28ec4639318fd2093"},
    {file = "psycopg_binary-3.1.8-cp310-cp310-win_amd64.whl", hash = "sha256:2d5ae85c6037e45862e304d39ec24a24ddebc7d2b5b3601155dddc07c19c0cdc"},
    {file = "psycopg_binary-3.1.8-cp311-cp311-macosx_10_9_x86_64.whl", hash = "sha256:17d187743d8ca63d24fa724bfee76e50b6473f1fef998cebcd35348b0d5936de"},
    {file = "psycopg_binary-3.1.8-cp311-cp311-macosx_11_0_arm64.whl", hash = "sha256:3762e73b6743139c5258d8b3a294edb309c691ba4f172c9f272315501390e7c2"},
    {file = "psycopg_binary-3.1.8-cp311-cp311-manylinux_2_17_aarch64.manylinux2014_aarch64.whl", hash = "sha256:87973d064a72bc2716309381b713f49f57c48100fb1f046943b780a04bc011f6"},
    {file = "psycopg_binary-3.1.8-cp311-cp311-manylinux_2_17_i686.manylinux2014_i686.whl", hash = "sha256:5f8400d400f64f659a897d1ef67212012524cc44882bd24387515df9bb723364"},
    {file = "psycopg_binary-3.1.8-cp311-cp311-manylinux_2_17_ppc64le.manylinux2014_ppc64le.whl", hash = "sha256:f45766ce8e74eb456d8672116e936391e67290c50fd0cc1b41876b61261869b6"},
    {file = "psycopg_binary-3.1.8-cp311-cp311-manylinux_2_17_x86_64.manylinux2014_x86_64.whl", hash = "sha256:33ecf37c6348232073ea62b0630655479021f855635f72b4170693032993cdaf"},
    {file = "psycopg_binary-3.1.8-cp311-cp311-musllinux_1_1_aarch64.whl", hash = "sha256:10b8f1f96f5e8f02a60ba76dab315d3e71cb76c18ff49aa18bbf48a8089c3202"},
    {file = "psycopg_binary-3.1.8-cp311-cp311-musllinux_1_1_i686.whl", hash = "sha256:58cb0d007768dbccb67783baacf1c4016c7be8a494339a514321edee3d3b787a"},
    {file = "psycopg_binary-3.1.8-cp311-cp311-musllinux_1_1_ppc64le.whl", hash = "sha256:59d8dbea1bc3dbbc819c0320cb2b641dc362389b096098c62172f49605f58284"},
    {file = "psycopg_binary-3.1.8-cp311-cp311-musllinux_1_1_x86_64.whl", hash = "sha256:4325cee1641c25719bcf063f7683e909cb8cc9932ace3f8bf20ce112e47ce743"},
    {file = "psycopg_binary-3.1.8-cp311-cp311-win_amd64.whl", hash = "sha256:064502d191d7bc32a48670cc605ce49abcdb5e01e2697ee3fe546cff330fb8ae"},
    {file = "psycopg_binary-3.1.8-cp37-cp37m-macosx_10_9_x86_64.whl", hash = "sha256:5fd8492931865cc7181169b2dbf472377a5b5808f001e73f5c25b05bb61e9622"},
    {file = "psycopg_binary-3.1.8-cp37-cp37m-manylinux_2_17_aarch64.manylinux2014_aarch64.whl", hash = "sha256:b4d1a4ea2ca20f0bc944bc28e4addb80e6a22ac60a85fc7035e57c88e96f3a18"},
    {file = "psycopg_binary-3.1.8-cp37-cp37m-manylinux_2_17_i686.manylinux2014_i686.whl", hash = "sha256:c27be5ddf4a05146ae7fb8429e9367dad0dc278a7d0e2f5094dd533195c4f8a1"},
    {file = "psycopg_binary-3.1.8-cp37-cp37m-manylinux_2_17_ppc64le.manylinux2014_ppc64le.whl", hash = "sha256:fa8ca48a35be0f9880ed2093c213f07d318fa9389a2b9194196c239e41a77841"},
    {file = "psycopg_binary-3.1.8-cp37-cp37m-manylinux_2_17_x86_64.manylinux2014_x86_64.whl", hash = "sha256:bf59e1d06f420930fc4c16a42ed6476c60c83976c82e53012dbca45f009d5978"},
    {file = "psycopg_binary-3.1.8-cp37-cp37m-musllinux_1_1_aarch64.whl", hash = "sha256:cb3013b76cbab4a903f3b9c87f4518335627cb05fd89f9e04520c1743c2b919b"},
    {file = "psycopg_binary-3.1.8-cp37-cp37m-musllinux_1_1_i686.whl", hash = "sha256:db84eaa9e2d13e37a97dcd39d2fe78e0a3052c9aa67b5f0b4f3d346a155f4d21"},
    {file = "psycopg_binary-3.1.8-cp37-cp37m-musllinux_1_1_ppc64le.whl", hash = "sha256:2c3d268cf2dbb79e52a555c2e7b26c6df2d014f3fb918d512ffc25ecc9c54582"},
    {file = "psycopg_binary-3.1.8-cp37-cp37m-musllinux_1_1_x86_64.whl", hash = "sha256:0fe6205af5f63ee6e4816b267bf06add5934a259cddcf7dfdfc8ed738f5127b2"},
    {file = "psycopg_binary-3.1.8-cp37-cp37m-win_amd64.whl", hash = "sha256:f99806a5b9a5ba5cb5f46a0fa0440cd721556e0af09a7cadcc39e27ae9b1807e"},
    {file = "psycopg_binary-3.1.8-cp38-cp38-macosx_10_9_x86_64.whl", hash = "sha256:0cc5d5a9b0acbf38e0b4de1c701d235f0cb750ef3de528dedfdbab1a367f2396"},
    {file = "psycopg_binary-3.1.8-cp38-cp38-macosx_11_0_arm64.whl", hash = "sha256:478ecbb774398e5df6ee365a4d0a77f382a65f140e76720909804255c7801d4a"},
    {file = "psycopg_binary-3.1.8-cp38-cp38-manylinux_2_17_aarch64.manylinux2014_aarch64.whl", hash = "sha256:b40b56c5b3ffa8481f7bebb08473602ddb8e2e86ba25bf9261ba428eb7887175"},
    {file = "psycopg_binary-3.1.8-cp38-cp38-manylinux_2_17_i686.manylinux2014_i686.whl", hash = "sha256:37df8714837d2c701ba4c54462a189b95d1a4439d4d147fb71018560e9a60547"},
    {file = "psycopg_binary-3.1.8-cp38-cp38-manylinux_2_17_ppc64le.manylinux2014_ppc64le.whl", hash = "sha256:29a38b48cbec8484d83efea4d1d0707e49a3c51a2273cfbaa3d9ba280d3df7d9"},
    {file = "psycopg_binary-3.1.8-cp38-cp38-manylinux_2_17_x86_64.manylinux2014_x86_64.whl", hash = "sha256:c1a2209ef4df25f4ed8d91924bd4d9c7028d254e61216366c4b894c8a6ea4f88"},
    {file = "psycopg_binary-3.1.8-cp38-cp38-musllinux_1_1_aarch64.whl", hash = "sha256:858a794c2d5e984627503581f03cc68cef97ee080993b7b6a0b7b30cb4fac107"},
    {file = "psycopg_binary-3.1.8-cp38-cp38-musllinux_1_1_i686.whl", hash = "sha256:574c8b7b51e8d5c06f27125fc218d1328c018c0c1ad8f1202033aa6897b8ee99"},
    {file = "psycopg_binary-3.1.8-cp38-cp38-musllinux_1_1_ppc64le.whl", hash = "sha256:e3dc783eedde10f966039ecc5f96f7df25c288ea4f6795d28b990f312c33ff09"},
    {file = "psycopg_binary-3.1.8-cp38-cp38-musllinux_1_1_x86_64.whl", hash = "sha256:94f9e7ccbfdba1c4f5de80b615187eb47a351ab64a9123d87aea4bf347c1e1d8"},
    {file = "psycopg_binary-3.1.8-cp38-cp38-win_amd64.whl", hash = "sha256:1425c2cc4cfd4778d9dee578541f11546a93fc2f5c558a0411c94026a1cf94c7"},
    {file = "psycopg_binary-3.1.8-cp39-cp39-macosx_10_9_x86_64.whl", hash = "sha256:e68e8b8077cd45dd2683fcd9a384e7672b400e26c0c7d04dac0cf0763c12be78"},
    {file = "psycopg_binary-3.1.8-cp39-cp39-macosx_11_0_arm64.whl", hash = "sha256:60b22dd46e4e4f678379cf3388468171c2ecea74e90b1332d173ffa8cd83315f"},
    {file = "psycopg_binary-3.1.8-cp39-cp39-manylinux_2_17_aarch64.manylinux2014_aarch64.whl", hash = "sha256:61a1ccef7e0bf6128a7818c9d22cc850cf7649cee9541e82e4a8c080a734024d"},
    {file = "psycopg_binary-3.1.8-cp39-cp39-manylinux_2_17_i686.manylinux2014_i686.whl", hash = "sha256:2e7a7b41eba96c7b9648efee57298f1aa0d96e081dea76489f52113536981712"},
    {file = "psycopg_binary-3.1.8-cp39-cp39-manylinux_2_17_ppc64le.manylinux2014_ppc64le.whl", hash = "sha256:a161785b1c8e26cd8e8d5436fa39ba2a8af590c17f1741aae11f8076a08485e6"},
    {file = "psycopg_binary-3.1.8-cp39-cp39-manylinux_2_17_x86_64.manylinux2014_x86_64.whl", hash = "sha256:a978d2bea09265eb6ebcd1b8a3aa05ea4118aa4013cb9669e12a8656975385cd"},
    {file = "psycopg_binary-3.1.8-cp39-cp39-musllinux_1_1_aarch64.whl", hash = "sha256:251d2e6dca112dd359c029f422a025d75e78f2f2af4a2aceff506fdc5120f5f9"},
    {file = "psycopg_binary-3.1.8-cp39-cp39-musllinux_1_1_i686.whl", hash = "sha256:a1f052642a54eda53786fa8b72fca2e48ceaf0fc2f3e8709c87694fd7c45ac50"},
    {file = "psycopg_binary-3.1.8-cp39-cp39-musllinux_1_1_ppc64le.whl", hash = "sha256:73747e6a5dfb05500ff3857f9b9ee50e4f4f663250454d773b98d818545f10fa"},
    {file = "psycopg_binary-3.1.8-cp39-cp39-musllinux_1_1_x86_64.whl", hash = "sha256:811d870ca9e97875db92f9b346492c4fa7a9edd74dce3604015dd13389fef46a"},
    {file = "psycopg_binary-3.1.8-cp39-cp39-win_amd64.whl", hash = "sha256:8a0f425171e95379f1fe93b41d67c6dfe85b6b635944facf07ca26ff7fa8ab1d"},
]

[[package]]
name = "psycopg-pool"
version = "3.1.7"
description = "Connection Pool for Psycopg"
category = "main"
optional = false
python-versions = ">=3.7"
files = [
    {file = "psycopg-pool-3.1.7.tar.gz", hash = "sha256:d02741dc48303495f4021900630442af87d6b1c3bfd1a3ece54cc11aa43d7dde"},
    {file = "psycopg_pool-3.1.7-py3-none-any.whl", hash = "sha256:ca1f2c366b5910acd400e16e812912827c57836af638c1717ba495111d22073b"},
]

[package.dependencies]
typing-extensions = ">=3.10"

[[package]]
name = "psycopg2-binary"
version = "2.9.6"
description = "psycopg2 - Python-PostgreSQL Database Adapter"
category = "main"
optional = false
python-versions = ">=3.6"
files = [
    {file = "psycopg2-binary-2.9.6.tar.gz", hash = "sha256:1f64dcfb8f6e0c014c7f55e51c9759f024f70ea572fbdef123f85318c297947c"},
    {file = "psycopg2_binary-2.9.6-cp310-cp310-macosx_10_9_x86_64.whl", hash = "sha256:d26e0342183c762de3276cca7a530d574d4e25121ca7d6e4a98e4f05cb8e4df7"},
    {file = "psycopg2_binary-2.9.6-cp310-cp310-macosx_11_0_arm64.whl", hash = "sha256:c48d8f2db17f27d41fb0e2ecd703ea41984ee19362cbce52c097963b3a1b4365"},
    {file = "psycopg2_binary-2.9.6-cp310-cp310-manylinux_2_17_aarch64.manylinux2014_aarch64.whl", hash = "sha256:ffe9dc0a884a8848075e576c1de0290d85a533a9f6e9c4e564f19adf8f6e54a7"},
    {file = "psycopg2_binary-2.9.6-cp310-cp310-manylinux_2_17_i686.manylinux2014_i686.whl", hash = "sha256:8a76e027f87753f9bd1ab5f7c9cb8c7628d1077ef927f5e2446477153a602f2c"},
    {file = "psycopg2_binary-2.9.6-cp310-cp310-manylinux_2_17_ppc64le.manylinux2014_ppc64le.whl", hash = "sha256:6460c7a99fc939b849431f1e73e013d54aa54293f30f1109019c56a0b2b2ec2f"},
    {file = "psycopg2_binary-2.9.6-cp310-cp310-manylinux_2_17_x86_64.manylinux2014_x86_64.whl", hash = "sha256:ae102a98c547ee2288637af07393dd33f440c25e5cd79556b04e3fca13325e5f"},
    {file = "psycopg2_binary-2.9.6-cp310-cp310-musllinux_1_1_aarch64.whl", hash = "sha256:9972aad21f965599ed0106f65334230ce826e5ae69fda7cbd688d24fa922415e"},
    {file = "psycopg2_binary-2.9.6-cp310-cp310-musllinux_1_1_i686.whl", hash = "sha256:7a40c00dbe17c0af5bdd55aafd6ff6679f94a9be9513a4c7e071baf3d7d22a70"},
    {file = "psycopg2_binary-2.9.6-cp310-cp310-musllinux_1_1_ppc64le.whl", hash = "sha256:cacbdc5839bdff804dfebc058fe25684cae322987f7a38b0168bc1b2df703fb1"},
    {file = "psycopg2_binary-2.9.6-cp310-cp310-musllinux_1_1_x86_64.whl", hash = "sha256:7f0438fa20fb6c7e202863e0d5ab02c246d35efb1d164e052f2f3bfe2b152bd0"},
    {file = "psycopg2_binary-2.9.6-cp310-cp310-win32.whl", hash = "sha256:b6c8288bb8a84b47e07013bb4850f50538aa913d487579e1921724631d02ea1b"},
    {file = "psycopg2_binary-2.9.6-cp310-cp310-win_amd64.whl", hash = "sha256:61b047a0537bbc3afae10f134dc6393823882eb263088c271331602b672e52e9"},
    {file = "psycopg2_binary-2.9.6-cp311-cp311-macosx_10_9_x86_64.whl", hash = "sha256:964b4dfb7c1c1965ac4c1978b0f755cc4bd698e8aa2b7667c575fb5f04ebe06b"},
    {file = "psycopg2_binary-2.9.6-cp311-cp311-macosx_11_0_arm64.whl", hash = "sha256:afe64e9b8ea66866a771996f6ff14447e8082ea26e675a295ad3bdbffdd72afb"},
    {file = "psycopg2_binary-2.9.6-cp311-cp311-manylinux_2_17_aarch64.manylinux2014_aarch64.whl", hash = "sha256:15e2ee79e7cf29582ef770de7dab3d286431b01c3bb598f8e05e09601b890081"},
    {file = "psycopg2_binary-2.9.6-cp311-cp311-manylinux_2_17_i686.manylinux2014_i686.whl", hash = "sha256:dfa74c903a3c1f0d9b1c7e7b53ed2d929a4910e272add6700c38f365a6002820"},
    {file = "psycopg2_binary-2.9.6-cp311-cp311-manylinux_2_17_ppc64le.manylinux2014_ppc64le.whl", hash = "sha256:b83456c2d4979e08ff56180a76429263ea254c3f6552cd14ada95cff1dec9bb8"},
    {file = "psycopg2_binary-2.9.6-cp311-cp311-manylinux_2_17_x86_64.manylinux2014_x86_64.whl", hash = "sha256:0645376d399bfd64da57148694d78e1f431b1e1ee1054872a5713125681cf1be"},
    {file = "psycopg2_binary-2.9.6-cp311-cp311-musllinux_1_1_aarch64.whl", hash = "sha256:e99e34c82309dd78959ba3c1590975b5d3c862d6f279f843d47d26ff89d7d7e1"},
    {file = "psycopg2_binary-2.9.6-cp311-cp311-musllinux_1_1_i686.whl", hash = "sha256:4ea29fc3ad9d91162c52b578f211ff1c931d8a38e1f58e684c45aa470adf19e2"},
    {file = "psycopg2_binary-2.9.6-cp311-cp311-musllinux_1_1_ppc64le.whl", hash = "sha256:4ac30da8b4f57187dbf449294d23b808f8f53cad6b1fc3623fa8a6c11d176dd0"},
    {file = "psycopg2_binary-2.9.6-cp311-cp311-musllinux_1_1_x86_64.whl", hash = "sha256:e78e6e2a00c223e164c417628572a90093c031ed724492c763721c2e0bc2a8df"},
    {file = "psycopg2_binary-2.9.6-cp311-cp311-win32.whl", hash = "sha256:1876843d8e31c89c399e31b97d4b9725a3575bb9c2af92038464231ec40f9edb"},
    {file = "psycopg2_binary-2.9.6-cp311-cp311-win_amd64.whl", hash = "sha256:b4b24f75d16a89cc6b4cdff0eb6a910a966ecd476d1e73f7ce5985ff1328e9a6"},
    {file = "psycopg2_binary-2.9.6-cp36-cp36m-win32.whl", hash = "sha256:498807b927ca2510baea1b05cc91d7da4718a0f53cb766c154c417a39f1820a0"},
    {file = "psycopg2_binary-2.9.6-cp36-cp36m-win_amd64.whl", hash = "sha256:0d236c2825fa656a2d98bbb0e52370a2e852e5a0ec45fc4f402977313329174d"},
    {file = "psycopg2_binary-2.9.6-cp37-cp37m-macosx_10_9_x86_64.whl", hash = "sha256:34b9ccdf210cbbb1303c7c4db2905fa0319391bd5904d32689e6dd5c963d2ea8"},
    {file = "psycopg2_binary-2.9.6-cp37-cp37m-manylinux_2_17_aarch64.manylinux2014_aarch64.whl", hash = "sha256:84d2222e61f313c4848ff05353653bf5f5cf6ce34df540e4274516880d9c3763"},
    {file = "psycopg2_binary-2.9.6-cp37-cp37m-manylinux_2_17_i686.manylinux2014_i686.whl", hash = "sha256:30637a20623e2a2eacc420059be11527f4458ef54352d870b8181a4c3020ae6b"},
    {file = "psycopg2_binary-2.9.6-cp37-cp37m-manylinux_2_17_ppc64le.manylinux2014_ppc64le.whl", hash = "sha256:8122cfc7cae0da9a3077216528b8bb3629c43b25053284cc868744bfe71eb141"},
    {file = "psycopg2_binary-2.9.6-cp37-cp37m-manylinux_2_17_x86_64.manylinux2014_x86_64.whl", hash = "sha256:38601cbbfe600362c43714482f43b7c110b20cb0f8172422c616b09b85a750c5"},
    {file = "psycopg2_binary-2.9.6-cp37-cp37m-musllinux_1_1_aarch64.whl", hash = "sha256:c7e62ab8b332147a7593a385d4f368874d5fe4ad4e341770d4983442d89603e3"},
    {file = "psycopg2_binary-2.9.6-cp37-cp37m-musllinux_1_1_i686.whl", hash = "sha256:2ab652e729ff4ad76d400df2624d223d6e265ef81bb8aa17fbd63607878ecbee"},
    {file = "psycopg2_binary-2.9.6-cp37-cp37m-musllinux_1_1_ppc64le.whl", hash = "sha256:c83a74b68270028dc8ee74d38ecfaf9c90eed23c8959fca95bd703d25b82c88e"},
    {file = "psycopg2_binary-2.9.6-cp37-cp37m-musllinux_1_1_x86_64.whl", hash = "sha256:d4e6036decf4b72d6425d5b29bbd3e8f0ff1059cda7ac7b96d6ac5ed34ffbacd"},
    {file = "psycopg2_binary-2.9.6-cp37-cp37m-win32.whl", hash = "sha256:a8c28fd40a4226b4a84bdf2d2b5b37d2c7bd49486b5adcc200e8c7ec991dfa7e"},
    {file = "psycopg2_binary-2.9.6-cp37-cp37m-win_amd64.whl", hash = "sha256:51537e3d299be0db9137b321dfb6a5022caaab275775680e0c3d281feefaca6b"},
    {file = "psycopg2_binary-2.9.6-cp38-cp38-macosx_10_9_x86_64.whl", hash = "sha256:cf4499e0a83b7b7edcb8dabecbd8501d0d3a5ef66457200f77bde3d210d5debb"},
    {file = "psycopg2_binary-2.9.6-cp38-cp38-macosx_11_0_arm64.whl", hash = "sha256:7e13a5a2c01151f1208d5207e42f33ba86d561b7a89fca67c700b9486a06d0e2"},
    {file = "psycopg2_binary-2.9.6-cp38-cp38-manylinux_2_17_aarch64.manylinux2014_aarch64.whl", hash = "sha256:0e0f754d27fddcfd74006455b6e04e6705d6c31a612ec69ddc040a5468e44b4e"},
    {file = "psycopg2_binary-2.9.6-cp38-cp38-manylinux_2_17_i686.manylinux2014_i686.whl", hash = "sha256:d57c3fd55d9058645d26ae37d76e61156a27722097229d32a9e73ed54819982a"},
    {file = "psycopg2_binary-2.9.6-cp38-cp38-manylinux_2_17_ppc64le.manylinux2014_ppc64le.whl", hash = "sha256:71f14375d6f73b62800530b581aed3ada394039877818b2d5f7fc77e3bb6894d"},
    {file = "psycopg2_binary-2.9.6-cp38-cp38-manylinux_2_17_x86_64.manylinux2014_x86_64.whl", hash = "sha256:441cc2f8869a4f0f4bb408475e5ae0ee1f3b55b33f350406150277f7f35384fc"},
    {file = "psycopg2_binary-2.9.6-cp38-cp38-musllinux_1_1_aarch64.whl", hash = "sha256:65bee1e49fa6f9cf327ce0e01c4c10f39165ee76d35c846ade7cb0ec6683e303"},
    {file = "psycopg2_binary-2.9.6-cp38-cp38-musllinux_1_1_i686.whl", hash = "sha256:af335bac6b666cc6aea16f11d486c3b794029d9df029967f9938a4bed59b6a19"},
    {file = "psycopg2_binary-2.9.6-cp38-cp38-musllinux_1_1_ppc64le.whl", hash = "sha256:cfec476887aa231b8548ece2e06d28edc87c1397ebd83922299af2e051cf2827"},
    {file = "psycopg2_binary-2.9.6-cp38-cp38-musllinux_1_1_x86_64.whl", hash = "sha256:65c07febd1936d63bfde78948b76cd4c2a411572a44ac50719ead41947d0f26b"},
    {file = "psycopg2_binary-2.9.6-cp38-cp38-win32.whl", hash = "sha256:4dfb4be774c4436a4526d0c554af0cc2e02082c38303852a36f6456ece7b3503"},
    {file = "psycopg2_binary-2.9.6-cp38-cp38-win_amd64.whl", hash = "sha256:02c6e3cf3439e213e4ee930308dc122d6fb4d4bea9aef4a12535fbd605d1a2fe"},
    {file = "psycopg2_binary-2.9.6-cp39-cp39-macosx_10_9_x86_64.whl", hash = "sha256:e9182eb20f41417ea1dd8e8f7888c4d7c6e805f8a7c98c1081778a3da2bee3e4"},
    {file = "psycopg2_binary-2.9.6-cp39-cp39-macosx_11_0_arm64.whl", hash = "sha256:8a6979cf527e2603d349a91060f428bcb135aea2be3201dff794813256c274f1"},
    {file = "psycopg2_binary-2.9.6-cp39-cp39-manylinux_2_17_aarch64.manylinux2014_aarch64.whl", hash = "sha256:8338a271cb71d8da40b023a35d9c1e919eba6cbd8fa20a54b748a332c355d896"},
    {file = "psycopg2_binary-2.9.6-cp39-cp39-manylinux_2_17_i686.manylinux2014_i686.whl", hash = "sha256:e3ed340d2b858d6e6fb5083f87c09996506af483227735de6964a6100b4e6a54"},
    {file = "psycopg2_binary-2.9.6-cp39-cp39-manylinux_2_17_ppc64le.manylinux2014_ppc64le.whl", hash = "sha256:f81e65376e52f03422e1fb475c9514185669943798ed019ac50410fb4c4df232"},
    {file = "psycopg2_binary-2.9.6-cp39-cp39-manylinux_2_17_x86_64.manylinux2014_x86_64.whl", hash = "sha256:bfb13af3c5dd3a9588000910178de17010ebcccd37b4f9794b00595e3a8ddad3"},
    {file = "psycopg2_binary-2.9.6-cp39-cp39-musllinux_1_1_aarch64.whl", hash = "sha256:4c727b597c6444a16e9119386b59388f8a424223302d0c06c676ec8b4bc1f963"},
    {file = "psycopg2_binary-2.9.6-cp39-cp39-musllinux_1_1_i686.whl", hash = "sha256:4d67fbdaf177da06374473ef6f7ed8cc0a9dc640b01abfe9e8a2ccb1b1402c1f"},
    {file = "psycopg2_binary-2.9.6-cp39-cp39-musllinux_1_1_ppc64le.whl", hash = "sha256:0892ef645c2fabb0c75ec32d79f4252542d0caec1d5d949630e7d242ca4681a3"},
    {file = "psycopg2_binary-2.9.6-cp39-cp39-musllinux_1_1_x86_64.whl", hash = "sha256:02c0f3757a4300cf379eb49f543fb7ac527fb00144d39246ee40e1df684ab514"},
    {file = "psycopg2_binary-2.9.6-cp39-cp39-win32.whl", hash = "sha256:c3dba7dab16709a33a847e5cd756767271697041fbe3fe97c215b1fc1f5c9848"},
    {file = "psycopg2_binary-2.9.6-cp39-cp39-win_amd64.whl", hash = "sha256:f6a88f384335bb27812293fdb11ac6aee2ca3f51d3c7820fe03de0a304ab6249"},
]

[[package]]
name = "pydantic"
version = "1.10.7"
description = "Data validation and settings management using python type hints"
category = "main"
optional = false
python-versions = ">=3.7"
files = [
    {file = "pydantic-1.10.7-cp310-cp310-macosx_10_9_x86_64.whl", hash = "sha256:e79e999e539872e903767c417c897e729e015872040e56b96e67968c3b918b2d"},
    {file = "pydantic-1.10.7-cp310-cp310-macosx_11_0_arm64.whl", hash = "sha256:01aea3a42c13f2602b7ecbbea484a98169fb568ebd9e247593ea05f01b884b2e"},
    {file = "pydantic-1.10.7-cp310-cp310-manylinux_2_17_x86_64.manylinux2014_x86_64.whl", hash = "sha256:516f1ed9bc2406a0467dd777afc636c7091d71f214d5e413d64fef45174cfc7a"},
    {file = "pydantic-1.10.7-cp310-cp310-manylinux_2_5_i686.manylinux1_i686.manylinux_2_17_i686.manylinux2014_i686.whl", hash = "sha256:ae150a63564929c675d7f2303008d88426a0add46efd76c3fc797cd71cb1b46f"},
    {file = "pydantic-1.10.7-cp310-cp310-musllinux_1_1_i686.whl", hash = "sha256:ecbbc51391248116c0a055899e6c3e7ffbb11fb5e2a4cd6f2d0b93272118a209"},
    {file = "pydantic-1.10.7-cp310-cp310-musllinux_1_1_x86_64.whl", hash = "sha256:f4a2b50e2b03d5776e7f21af73e2070e1b5c0d0df255a827e7c632962f8315af"},
    {file = "pydantic-1.10.7-cp310-cp310-win_amd64.whl", hash = "sha256:a7cd2251439988b413cb0a985c4ed82b6c6aac382dbaff53ae03c4b23a70e80a"},
    {file = "pydantic-1.10.7-cp311-cp311-macosx_10_9_x86_64.whl", hash = "sha256:68792151e174a4aa9e9fc1b4e653e65a354a2fa0fed169f7b3d09902ad2cb6f1"},
    {file = "pydantic-1.10.7-cp311-cp311-macosx_11_0_arm64.whl", hash = "sha256:dfe2507b8ef209da71b6fb5f4e597b50c5a34b78d7e857c4f8f3115effaef5fe"},
    {file = "pydantic-1.10.7-cp311-cp311-manylinux_2_17_x86_64.manylinux2014_x86_64.whl", hash = "sha256:10a86d8c8db68086f1e30a530f7d5f83eb0685e632e411dbbcf2d5c0150e8dcd"},
    {file = "pydantic-1.10.7-cp311-cp311-manylinux_2_5_i686.manylinux1_i686.manylinux_2_17_i686.manylinux2014_i686.whl", hash = "sha256:d75ae19d2a3dbb146b6f324031c24f8a3f52ff5d6a9f22f0683694b3afcb16fb"},
    {file = "pydantic-1.10.7-cp311-cp311-musllinux_1_1_i686.whl", hash = "sha256:464855a7ff7f2cc2cf537ecc421291b9132aa9c79aef44e917ad711b4a93163b"},
    {file = "pydantic-1.10.7-cp311-cp311-musllinux_1_1_x86_64.whl", hash = "sha256:193924c563fae6ddcb71d3f06fa153866423ac1b793a47936656e806b64e24ca"},
    {file = "pydantic-1.10.7-cp311-cp311-win_amd64.whl", hash = "sha256:b4a849d10f211389502059c33332e91327bc154acc1845f375a99eca3afa802d"},
    {file = "pydantic-1.10.7-cp37-cp37m-macosx_10_9_x86_64.whl", hash = "sha256:cc1dde4e50a5fc1336ee0581c1612215bc64ed6d28d2c7c6f25d2fe3e7c3e918"},
    {file = "pydantic-1.10.7-cp37-cp37m-manylinux_2_17_x86_64.manylinux2014_x86_64.whl", hash = "sha256:e0cfe895a504c060e5d36b287ee696e2fdad02d89e0d895f83037245218a87fe"},
    {file = "pydantic-1.10.7-cp37-cp37m-manylinux_2_5_i686.manylinux1_i686.manylinux_2_17_i686.manylinux2014_i686.whl", hash = "sha256:670bb4683ad1e48b0ecb06f0cfe2178dcf74ff27921cdf1606e527d2617a81ee"},
    {file = "pydantic-1.10.7-cp37-cp37m-musllinux_1_1_i686.whl", hash = "sha256:950ce33857841f9a337ce07ddf46bc84e1c4946d2a3bba18f8280297157a3fd1"},
    {file = "pydantic-1.10.7-cp37-cp37m-musllinux_1_1_x86_64.whl", hash = "sha256:c15582f9055fbc1bfe50266a19771bbbef33dd28c45e78afbe1996fd70966c2a"},
    {file = "pydantic-1.10.7-cp37-cp37m-win_amd64.whl", hash = "sha256:82dffb306dd20bd5268fd6379bc4bfe75242a9c2b79fec58e1041fbbdb1f7914"},
    {file = "pydantic-1.10.7-cp38-cp38-macosx_10_9_x86_64.whl", hash = "sha256:8c7f51861d73e8b9ddcb9916ae7ac39fb52761d9ea0df41128e81e2ba42886cd"},
    {file = "pydantic-1.10.7-cp38-cp38-macosx_11_0_arm64.whl", hash = "sha256:6434b49c0b03a51021ade5c4daa7d70c98f7a79e95b551201fff682fc1661245"},
    {file = "pydantic-1.10.7-cp38-cp38-manylinux_2_17_x86_64.manylinux2014_x86_64.whl", hash = "sha256:64d34ab766fa056df49013bb6e79921a0265204c071984e75a09cbceacbbdd5d"},
    {file = "pydantic-1.10.7-cp38-cp38-manylinux_2_5_i686.manylinux1_i686.manylinux_2_17_i686.manylinux2014_i686.whl", hash = "sha256:701daea9ffe9d26f97b52f1d157e0d4121644f0fcf80b443248434958fd03dc3"},
    {file = "pydantic-1.10.7-cp38-cp38-musllinux_1_1_i686.whl", hash = "sha256:cf135c46099ff3f919d2150a948ce94b9ce545598ef2c6c7bf55dca98a304b52"},
    {file = "pydantic-1.10.7-cp38-cp38-musllinux_1_1_x86_64.whl", hash = "sha256:b0f85904f73161817b80781cc150f8b906d521fa11e3cdabae19a581c3606209"},
    {file = "pydantic-1.10.7-cp38-cp38-win_amd64.whl", hash = "sha256:9f6f0fd68d73257ad6685419478c5aece46432f4bdd8d32c7345f1986496171e"},
    {file = "pydantic-1.10.7-cp39-cp39-macosx_10_9_x86_64.whl", hash = "sha256:c230c0d8a322276d6e7b88c3f7ce885f9ed16e0910354510e0bae84d54991143"},
    {file = "pydantic-1.10.7-cp39-cp39-macosx_11_0_arm64.whl", hash = "sha256:976cae77ba6a49d80f461fd8bba183ff7ba79f44aa5cfa82f1346b5626542f8e"},
    {file = "pydantic-1.10.7-cp39-cp39-manylinux_2_17_x86_64.manylinux2014_x86_64.whl", hash = "sha256:7d45fc99d64af9aaf7e308054a0067fdcd87ffe974f2442312372dfa66e1001d"},
    {file = "pydantic-1.10.7-cp39-cp39-manylinux_2_5_i686.manylinux1_i686.manylinux_2_17_i686.manylinux2014_i686.whl", hash = "sha256:d2a5ebb48958754d386195fe9e9c5106f11275867051bf017a8059410e9abf1f"},
    {file = "pydantic-1.10.7-cp39-cp39-musllinux_1_1_i686.whl", hash = "sha256:abfb7d4a7cd5cc4e1d1887c43503a7c5dd608eadf8bc615413fc498d3e4645cd"},
    {file = "pydantic-1.10.7-cp39-cp39-musllinux_1_1_x86_64.whl", hash = "sha256:80b1fab4deb08a8292d15e43a6edccdffa5377a36a4597bb545b93e79c5ff0a5"},
    {file = "pydantic-1.10.7-cp39-cp39-win_amd64.whl", hash = "sha256:d71e69699498b020ea198468e2480a2f1e7433e32a3a99760058c6520e2bea7e"},
    {file = "pydantic-1.10.7-py3-none-any.whl", hash = "sha256:0cd181f1d0b1d00e2b705f1bf1ac7799a2d938cce3376b8007df62b29be3c2c6"},
    {file = "pydantic-1.10.7.tar.gz", hash = "sha256:cfc83c0678b6ba51b0532bea66860617c4cd4251ecf76e9846fa5a9f3454e97e"},
]

[package.dependencies]
typing-extensions = ">=4.2.0"

[package.extras]
dotenv = ["python-dotenv (>=0.10.4)"]
email = ["email-validator (>=1.0.3)"]

[[package]]
name = "pypika-tortoise"
version = "0.1.6"
description = "Forked from pypika and streamline just for tortoise-orm"
category = "main"
optional = false
python-versions = ">=3.7,<4.0"
files = [
    {file = "pypika-tortoise-0.1.6.tar.gz", hash = "sha256:d802868f479a708e3263724c7b5719a26ad79399b2a70cea065f4a4cadbebf36"},
    {file = "pypika_tortoise-0.1.6-py3-none-any.whl", hash = "sha256:2d68bbb7e377673743cff42aa1059f3a80228d411fbcae591e4465e173109fd8"},
]

[[package]]
name = "python-dotenv"
version = "1.0.0"
description = "Read key-value pairs from a .env file and set them as environment variables"
category = "main"
optional = false
python-versions = ">=3.8"
files = [
    {file = "python-dotenv-1.0.0.tar.gz", hash = "sha256:a8df96034aae6d2d50a4ebe8216326c61c3eb64836776504fcca410e5937a3ba"},
    {file = "python_dotenv-1.0.0-py3-none-any.whl", hash = "sha256:f5971a9226b701070a4bf2c38c89e5a3f0d64de8debda981d1db98583009122a"},
]

[package.extras]
cli = ["click (>=5.0)"]

[[package]]
name = "pytz"
version = "2023.3"
description = "World timezone definitions, modern and historical"
category = "main"
optional = false
python-versions = "*"
files = [
    {file = "pytz-2023.3-py2.py3-none-any.whl", hash = "sha256:a151b3abb88eda1d4e34a9814df37de2a80e301e68ba0fd856fb9b46bfbbbffb"},
    {file = "pytz-2023.3.tar.gz", hash = "sha256:1d8ce29db189191fb55338ee6d0387d82ab59f3d00eac103412d64e0ebd0c588"},
]

[[package]]
name = "sniffio"
version = "1.3.0"
description = "Sniff out which async library your code is running under"
category = "main"
optional = false
python-versions = ">=3.7"
files = [
    {file = "sniffio-1.3.0-py3-none-any.whl", hash = "sha256:eecefdce1e5bbfb7ad2eeaabf7c1eeb404d7757c379bd1f7e5cce9d8bf425384"},
    {file = "sniffio-1.3.0.tar.gz", hash = "sha256:e60305c5e5d314f5389259b7f22aaa33d8f7dee49763119234af3755c55b9101"},
]

[[package]]
name = "starlette"
version = "0.26.1"
description = "The little ASGI library that shines."
category = "main"
optional = false
python-versions = ">=3.7"
files = [
    {file = "starlette-0.26.1-py3-none-any.whl", hash = "sha256:e87fce5d7cbdde34b76f0ac69013fd9d190d581d80681493016666e6f96c6d5e"},
    {file = "starlette-0.26.1.tar.gz", hash = "sha256:41da799057ea8620e4667a3e69a5b1923ebd32b1819c8fa75634bbe8d8bea9bd"},
]

[package.dependencies]
anyio = ">=3.4.0,<5"
typing-extensions = {version = ">=3.10.0", markers = "python_version < \"3.10\""}

[package.extras]
full = ["httpx (>=0.22.0)", "itsdangerous", "jinja2", "python-multipart", "pyyaml"]

[[package]]
name = "tortoise-orm"
version = "0.19.3"
description = "Easy async ORM for python, built with relations in mind"
category = "main"
optional = false
python-versions = ">=3.7,<4.0"
files = [
    {file = "tortoise_orm-0.19.3-py3-none-any.whl", hash = "sha256:9e368820c70a0866ef9c521d43aa5503485bd7a20a561edc0933b7b0f7036fbc"},
    {file = "tortoise_orm-0.19.3.tar.gz", hash = "sha256:ca574bca5191f55608f9013314b1f5d1c6ffd4165a1fcc2f60f6c902f529b3b6"},
]

[package.dependencies]
aiosqlite = ">=0.16.0,<0.18.0"
iso8601 = ">=1.0.2,<2.0.0"
pypika-tortoise = ">=0.1.6,<0.2.0"
pytz = "*"

[package.extras]
accel = ["ciso8601", "orjson", "uvloop"]
aiomysql = ["aiomysql"]
asyncmy = ["asyncmy (>=0.2.5,<0.3.0)"]
asyncodbc = ["asyncodbc (>=0.1.1,<0.2.0)"]
asyncpg = ["asyncpg"]
psycopg = ["psycopg[binary,pool] (==3.0.12)"]

[[package]]
name = "typing-extensions"
version = "4.5.0"
description = "Backported and Experimental Type Hints for Python 3.7+"
category = "main"
optional = false
python-versions = ">=3.7"
files = [
    {file = "typing_extensions-4.5.0-py3-none-any.whl", hash = "sha256:fb33085c39dd998ac16d1431ebc293a8b3eedd00fd4a32de0ff79002c19511b4"},
    {file = "typing_extensions-4.5.0.tar.gz", hash = "sha256:5cb5f4a79139d699607b3ef622a1dedafa84e115ab0024e0d9c044a9479ca7cb"},
]

[[package]]
name = "uvicorn"
version = "0.21.1"
description = "The lightning-fast ASGI server."
category = "main"
optional = false
python-versions = ">=3.7"
files = [
    {file = "uvicorn-0.21.1-py3-none-any.whl", hash = "sha256:e47cac98a6da10cd41e6fd036d472c6f58ede6c5dbee3dbee3ef7a100ed97742"},
    {file = "uvicorn-0.21.1.tar.gz", hash = "sha256:0fac9cb342ba099e0d582966005f3fdba5b0290579fed4a6266dc702ca7bb032"},
]

[package.dependencies]
click = ">=7.0"
h11 = ">=0.8"

[package.extras]
standard = ["colorama (>=0.4)", "httptools (>=0.5.0)", "python-dotenv (>=0.13)", "pyyaml (>=5.1)", "uvloop (>=0.14.0,!=0.15.0,!=0.15.1)", "watchfiles (>=0.13)", "websockets (>=10.4)"]

[metadata]
lock-version = "2.0"
python-versions = "^3.8"
content-hash = "64e285ed645a09509a608e15db1e1e7515f8351a67874d2a4ae56a50addf5c0a"
